
Microsoft Visual Studio Solution File, Format Version 12.00
# Visual Studio 2013
VisualStudioVersion = 12.0.31101.0
MinimumVisualStudioVersion = 10.0.40219.1
Project("{FAE04EC0-301F-11D3-BF4B-00C04F79EFBC}") = "TextMonsterConsole", "TextMonsterConsole.csproj", "{923CCC15-3B31-4126-9917-571973EBF832}"
EndProject
Project("{FAE04EC0-301F-11D3-BF4B-00C04F79EFBC}") = "TextMonster", "TextMonster\TextMonster.csproj", "{A928CBF1-3085-41F7-B7DF-0BBA60E987C8}"
EndProject
Project("{FAE04EC0-301F-11D3-BF4B-00C04F79EFBC}") = "TextMonsterTests", "TextMonsterTests\TextMonsterTests.csproj", "{A93B80C5-5649-4E42-A204-6B1D432D9173}"
EndProject
Global
	GlobalSection(SolutionConfigurationPlatforms) = preSolution
		Debug|Any CPU = Debug|Any CPU
		Release|Any CPU = Release|Any CPU
	EndGlobalSection
	GlobalSection(ProjectConfigurationPlatforms) = postSolution
		{923CCC15-3B31-4126-9917-571973EBF832}.Debug|Any CPU.ActiveCfg = Debug|Any CPU
		{923CCC15-3B31-4126-9917-571973EBF832}.Debug|Any CPU.Build.0 = Debug|Any CPU
		{923CCC15-3B31-4126-9917-571973EBF832}.Release|Any CPU.ActiveCfg = Release|Any CPU
		{923CCC15-3B31-4126-9917-571973EBF832}.Release|Any CPU.Build.0 = Release|Any CPU
		{A928CBF1-3085-41F7-B7DF-0BBA60E987C8}.Debug|Any CPU.ActiveCfg = Debug|Any CPU
		{A928CBF1-3085-41F7-B7DF-0BBA60E987C8}.Debug|Any CPU.Build.0 = Debug|Any CPU
		{A928CBF1-3085-41F7-B7DF-0BBA60E987C8}.Release|Any CPU.ActiveCfg = Release|Any CPU
		{A928CBF1-3085-41F7-B7DF-0BBA60E987C8}.Release|Any CPU.Build.0 = Release|Any CPU
		{A93B80C5-5649-4E42-A204-6B1D432D9173}.Debug|Any CPU.ActiveCfg = Debug|Any CPU
		{A93B80C5-5649-4E42-A204-6B1D432D9173}.Debug|Any CPU.Build.0 = Debug|Any CPU
		{A93B80C5-5649-4E42-A204-6B1D432D9173}.Release|Any CPU.ActiveCfg = Release|Any CPU
		{A93B80C5-5649-4E42-A204-6B1D432D9173}.Release|Any CPU.Build.0 = Release|Any CPU
	EndGlobalSection
	GlobalSection(SolutionProperties) = preSolution
		HideSolutionNode = FALSE
	EndGlobalSection
EndGlobal
